
Microsoft Visual Studio Solution File, Format Version 12.00
# Visual Studio Version 17
VisualStudioVersion = 17.0.31903.59
MinimumVisualStudioVersion = 10.0.40219.1
Project("{FAE04EC0-301F-11D3-BF4B-00C04F79EFBC}") = "Threads-In-CSharp", "Threads-In-CSharp\Threads-In-CSharp.csproj", "{810990F8-0847-4668-B542-A14EF5A67F50}"
EndProject
Global
	GlobalSection(SolutionConfigurationPlatforms) = preSolution
		Debug|Any CPU = Debug|Any CPU
		Release|Any CPU = Release|Any CPU
	EndGlobalSection
	GlobalSection(ProjectConfigurationPlatforms) = postSolution
		{810990F8-0847-4668-B542-A14EF5A67F50}.Debug|Any CPU.ActiveCfg = Debug|Any CPU
		{810990F8-0847-4668-B542-A14EF5A67F50}.Debug|Any CPU.Build.0 = Debug|Any CPU
		{810990F8-0847-4668-B542-A14EF5A67F50}.Release|Any CPU.ActiveCfg = Release|Any CPU
		{810990F8-0847-4668-B542-A14EF5A67F50}.Release|Any CPU.Build.0 = Release|Any CPU
	EndGlobalSection
	GlobalSection(SolutionProperties) = preSolution
		HideSolutionNode = FALSE
	EndGlobalSection
	GlobalSection(ExtensibilityGlobals) = postSolution
		SolutionGuid = {CFE10A70-9848-4B6A-8324-76DDBD5F3864}
	EndGlobalSection
EndGlobal
